
Microsoft Visual Studio Solution File, Format Version 12.00
# Visual Studio 14
VisualStudioVersion = 14.0.25420.1
MinimumVisualStudioVersion = 10.0.40219.1
Project("{FAE04EC0-301F-11D3-BF4B-00C04F79EFBC}") = "VueSearch.web", "VueSearch.web\VueSearch.web.csproj", "{46ED05FF-DE66-45FD-95E8-EC28D9FD05B0}"
EndProject
Project("{FAE04EC0-301F-11D3-BF4B-00C04F79EFBC}") = "VueSearch.data", "VueSearch.data\VueSearch.data.csproj", "{6F1D47A9-7974-4FC2-BA52-0F0CA99B17DB}"
EndProject
Global
	GlobalSection(SolutionConfigurationPlatforms) = preSolution
		Debug|Any CPU = Debug|Any CPU
		Release|Any CPU = Release|Any CPU
	EndGlobalSection
	GlobalSection(ProjectConfigurationPlatforms) = postSolution
		{46ED05FF-DE66-45FD-95E8-EC28D9FD05B0}.Debug|Any CPU.ActiveCfg = Debug|Any CPU
		{46ED05FF-DE66-45FD-95E8-EC28D9FD05B0}.Debug|Any CPU.Build.0 = Debug|Any CPU
		{46ED05FF-DE66-45FD-95E8-EC28D9FD05B0}.Release|Any CPU.ActiveCfg = Release|Any CPU
		{46ED05FF-DE66-45FD-95E8-EC28D9FD05B0}.Release|Any CPU.Build.0 = Release|Any CPU
		{6F1D47A9-7974-4FC2-BA52-0F0CA99B17DB}.Debug|Any CPU.ActiveCfg = Debug|Any CPU
		{6F1D47A9-7974-4FC2-BA52-0F0CA99B17DB}.Debug|Any CPU.Build.0 = Debug|Any CPU
		{6F1D47A9-7974-4FC2-BA52-0F0CA99B17DB}.Release|Any CPU.ActiveCfg = Release|Any CPU
		{6F1D47A9-7974-4FC2-BA52-0F0CA99B17DB}.Release|Any CPU.Build.0 = Release|Any CPU
	EndGlobalSection
	GlobalSection(SolutionProperties) = preSolution
		HideSolutionNode = FALSE
	EndGlobalSection
EndGlobal
